// !$*UTF8*$!
{
	archiveVersion = 1;
	classes = {
	};
	objectVersion = 50;
	objects = {

/* Begin PBXBuildFile section */
		8453B72C24758B210042BE55 /* AppDelegate.swift in Sources */ = {isa = PBXBuildFile; fileRef = 8453B72B24758B210042BE55 /* AppDelegate.swift */; };
		8453B72E24758B210042BE55 /* SceneDelegate.swift in Sources */ = {isa = PBXBuildFile; fileRef = 8453B72D24758B210042BE55 /* SceneDelegate.swift */; };
		8453B73024758B210042BE55 /* ViewController.swift in Sources */ = {isa = PBXBuildFile; fileRef = 8453B72F24758B210042BE55 /* ViewController.swift */; };
		8453B73324758B210042BE55 /* Main.storyboard in Resources */ = {isa = PBXBuildFile; fileRef = 8453B73124758B210042BE55 /* Main.storyboard */; };
		8453B73524758B250042BE55 /* Assets.xcassets in Resources */ = {isa = PBXBuildFile; fileRef = 8453B73424758B250042BE55 /* Assets.xcassets */; };
		8453B73824758B250042BE55 /* LaunchScreen.storyboard in Resources */ = {isa = PBXBuildFile; fileRef = 8453B73624758B250042BE55 /* LaunchScreen.storyboard */; };
		8453B74324758B250042BE55 /* MoodAnalyzerTests.swift in Sources */ = {isa = PBXBuildFile; fileRef = 8453B74224758B250042BE55 /* MoodAnalyzerTests.swift */; };
		8453B78924759A390042BE55 /* Analyzer.swift in Sources */ = {isa = PBXBuildFile; fileRef = 8453B78824759A390042BE55 /* Analyzer.swift */; };
/* End PBXBuildFile section */

/* Begin PBXContainerItemProxy section */
		8453B73F24758B250042BE55 /* PBXContainerItemProxy */ = {
			isa = PBXContainerItemProxy;
			containerPortal = 8453B72024758B210042BE55 /* Project object */;
			proxyType = 1;
			remoteGlobalIDString = 8453B72724758B210042BE55;
			remoteInfo = MoodAnalyzer;
		};
/* End PBXContainerItemProxy section */

/* Begin PBXFileReference section */
		8453B72824758B210042BE55 /* MoodAnalyzer.app */ = {isa = PBXFileReference; explicitFileType = wrapper.application; includeInIndex = 0; path = MoodAnalyzer.app; sourceTree = BUILT_PRODUCTS_DIR; };
		8453B72B24758B210042BE55 /* AppDelegate.swift */ = {isa = PBXFileReference; lastKnownFileType = sourcecode.swift; path = AppDelegate.swift; sourceTree = "<group>"; };
		8453B72D24758B210042BE55 /* SceneDelegate.swift */ = {isa = PBXFileReference; lastKnownFileType = sourcecode.swift; path = SceneDelegate.swift; sourceTree = "<group>"; };
		8453B72F24758B210042BE55 /* ViewController.swift */ = {isa = PBXFileReference; lastKnownFileType = sourcecode.swift; path = ViewController.swift; sourceTree = "<group>"; };
		8453B73224758B210042BE55 /* Base */ = {isa = PBXFileReference; lastKnownFileType = file.storyboard; name = Base; path = Base.lproj/Main.storyboard; sourceTree = "<group>"; };
		8453B73424758B250042BE55 /* Assets.xcassets */ = {isa = PBXFileReference; lastKnownFileType = folder.assetcatalog; path = Assets.xcassets; sourceTree = "<group>"; };
		8453B73724758B250042BE55 /* Base */ = {isa = PBXFileReference; lastKnownFileType = file.storyboard; name = Base; path = Base.lproj/LaunchScreen.storyboard; sourceTree = "<group>"; };
		8453B73924758B250042BE55 /* Info.plist */ = {isa = PBXFileReference; lastKnownFileType = text.plist.xml; path = Info.plist; sourceTree = "<group>"; };
		8453B73E24758B250042BE55 /* MoodAnalyzerTests.xctest */ = {isa = PBXFileReference; explicitFileType = wrapper.cfbundle; includeInIndex = 0; path = MoodAnalyzerTests.xctest; sourceTree = BUILT_PRODUCTS_DIR; };
		8453B74224758B250042BE55 /* MoodAnalyzerTests.swift */ = {isa = PBXFileReference; lastKnownFileType = sourcecode.swift; path = MoodAnalyzerTests.swift; sourceTree = "<group>"; };
		8453B74424758B250042BE55 /* Info.plist */ = {isa = PBXFileReference; lastKnownFileType = text.plist.xml; path = Info.plist; sourceTree = "<group>"; };
		8453B78824759A390042BE55 /* Analyzer.swift */ = {isa = PBXFileReference; lastKnownFileType = sourcecode.swift; path = Analyzer.swift; sourceTree = "<group>"; };
/* End PBXFileReference section */

/* Begin PBXFrameworksBuildPhase section */
		8453B72524758B210042BE55 /* Frameworks */ = {
			isa = PBXFrameworksBuildPhase;
			buildActionMask = 2147483647;
			files = (
			);
			runOnlyForDeploymentPostprocessing = 0;
		};
		8453B73B24758B250042BE55 /* Frameworks */ = {
			isa = PBXFrameworksBuildPhase;
			buildActionMask = 2147483647;
			files = (
			);
			runOnlyForDeploymentPostprocessing = 0;
		};
/* End PBXFrameworksBuildPhase section */

/* Begin PBXGroup section */
		8453B71F24758B210042BE55 = {
			isa = PBXGroup;
			children = (
				8453B72A24758B210042BE55 /* MoodAnalyzer */,
				8453B74124758B250042BE55 /* MoodAnalyzerTests */,
				8453B72924758B210042BE55 /* Products */,
			);
			sourceTree = "<group>";
		};
		8453B72924758B210042BE55 /* Products */ = {
			isa = PBXGroup;
			children = (
				8453B72824758B210042BE55 /* MoodAnalyzer.app */,
				8453B73E24758B250042BE55 /* MoodAnalyzerTests.xctest */,
			);
			name = Products;
			sourceTree = "<group>";
		};
		8453B72A24758B210042BE55 /* MoodAnalyzer */ = {
			isa = PBXGroup;
			children = (
				8453B72B24758B210042BE55 /* AppDelegate.swift */,
				8453B72D24758B210042BE55 /* SceneDelegate.swift */,
				8453B72F24758B210042BE55 /* ViewController.swift */,
				8453B73124758B210042BE55 /* Main.storyboard */,
				8453B73424758B250042BE55 /* Assets.xcassets */,
				8453B73624758B250042BE55 /* LaunchScreen.storyboard */,
				8453B73924758B250042BE55 /* Info.plist */,
				8453B78824759A390042BE55 /* Analyzer.swift */,
			);
			path = MoodAnalyzer;
			sourceTree = "<group>";
		};
		8453B74124758B250042BE55 /* MoodAnalyzerTests */ = {
			isa = PBXGroup;
			children = (
				8453B74224758B250042BE55 /* MoodAnalyzerTests.swift */,
				8453B74424758B250042BE55 /* Info.plist */,
			);
			path = MoodAnalyzerTests;
			sourceTree = "<group>";
		};
/* End PBXGroup section */

/* Begin PBXNativeTarget section */
		8453B72724758B210042BE55 /* MoodAnalyzer */ = {
			isa = PBXNativeTarget;
			buildConfigurationList = 8453B74724758B250042BE55 /* Build configuration list for PBXNativeTarget "MoodAnalyzer" */;
			buildPhases = (
				8453B72424758B210042BE55 /* Sources */,
				8453B72524758B210042BE55 /* Frameworks */,
				8453B72624758B210042BE55 /* Resources */,
			);
			buildRules = (
			);
			dependencies = (
			);
			name = MoodAnalyzer;
			productName = MoodAnalyzer;
			productReference = 8453B72824758B210042BE55 /* MoodAnalyzer.app */;
			productType = "com.apple.product-type.application";
		};
		8453B73D24758B250042BE55 /* MoodAnalyzerTests */ = {
			isa = PBXNativeTarget;
			buildConfigurationList = 8453B74A24758B250042BE55 /* Build configuration list for PBXNativeTarget "MoodAnalyzerTests" */;
			buildPhases = (
				8453B73A24758B250042BE55 /* Sources */,
				8453B73B24758B250042BE55 /* Frameworks */,
				8453B73C24758B250042BE55 /* Resources */,
			);
			buildRules = (
			);
			dependencies = (
				8453B74024758B250042BE55 /* PBXTargetDependency */,
			);
			name = MoodAnalyzerTests;
			productName = MoodAnalyzerTests;
			productReference = 8453B73E24758B250042BE55 /* MoodAnalyzerTests.xctest */;
			productType = "com.apple.product-type.bundle.unit-test";
		};
/* End PBXNativeTarget section */

/* Begin PBXProject section */
		8453B72024758B210042BE55 /* Project object */ = {
			isa = PBXProject;
			attributes = {
				LastSwiftUpdateCheck = 1140;
				LastUpgradeCheck = 1140;
				ORGANIZATIONNAME = admin;
				TargetAttributes = {
					8453B72724758B210042BE55 = {
						CreatedOnToolsVersion = 11.4.1;
					};
					8453B73D24758B250042BE55 = {
						CreatedOnToolsVersion = 11.4.1;
						TestTargetID = 8453B72724758B210042BE55;
					};
				};
			};
			buildConfigurationList = 8453B72324758B210042BE55 /* Build configuration list for PBXProject "MoodAnalyzer" */;
			compatibilityVersion = "Xcode 9.3";
			developmentRegion = en;
			hasScannedForEncodings = 0;
			knownRegions = (
				en,
				Base,
			);
			mainGroup = 8453B71F24758B210042BE55;
			productRefGroup = 8453B72924758B210042BE55 /* Products */;
			projectDirPath = "";
			projectRoot = "";
			targets = (
				8453B72724758B210042BE55 /* MoodAnalyzer */,
				8453B73D24758B250042BE55 /* MoodAnalyzerTests */,
			);
		};
/* End PBXProject section */

/* Begin PBXResourcesBuildPhase section */
		8453B72624758B210042BE55 /* Resources */ = {
			isa = PBXResourcesBuildPhase;
			buildActionMask = 2147483647;
			files = (
				8453B73824758B250042BE55 /* LaunchScreen.storyboard in Resources */,
				8453B73524758B250042BE55 /* Assets.xcassets in Resources */,
				8453B73324758B210042BE55 /* Main.storyboard in Resources */,
			);
			runOnlyForDeploymentPostprocessing = 0;
		};
		8453B73C24758B250042BE55 /* Resources */ = {
			isa = PBXResourcesBuildPhase;
			buildActionMask = 2147483647;
			files = (
			);
			runOnlyForDeploymentPostprocessing = 0;
		};
/* End PBXResourcesBuildPhase section */

/* Begin PBXSourcesBuildPhase section */
		8453B72424758B210042BE55 /* Sources */ = {
			isa = PBXSourcesBuildPhase;
			buildActionMask = 2147483647;
			files = (
				8453B73024758B210042BE55 /* ViewController.swift in Sources */,
				8453B72C24758B210042BE55 /* AppDelegate.swift in Sources */,
				8453B72E24758B210042BE55 /* SceneDelegate.swift in Sources */,
				8453B78924759A390042BE55 /* Analyzer.swift in Sources */,
			);
			runOnlyForDeploymentPostprocessing = 0;
		};
		8453B73A24758B250042BE55 /* Sources */ = {
			isa = PBXSourcesBuildPhase;
			buildActionMask = 2147483647;
			files = (
				8453B74324758B250042BE55 /* MoodAnalyzerTests.swift in Sources */,
			);
			runOnlyForDeploymentPostprocessing = 0;
		};
/* End PBXSourcesBuildPhase section */

/* Begin PBXTargetDependency section */
		8453B74024758B250042BE55 /* PBXTargetDependency */ = {
			isa = PBXTargetDependency;
			target = 8453B72724758B210042BE55 /* MoodAnalyzer */;
			targetProxy = 8453B73F24758B250042BE55 /* PBXContainerItemProxy */;
		};
/* End PBXTargetDependency section */

/* Begin PBXVariantGroup section */
		8453B73124758B210042BE55 /* Main.storyboard */ = {
			isa = PBXVariantGroup;
			children = (
				8453B73224758B210042BE55 /* Base */,
			);
			name = Main.storyboard;
			sourceTree = "<group>";
		};
		8453B73624758B250042BE55 /* LaunchScreen.storyboard */ = {
			isa = PBXVariantGroup;
			children = (
				8453B73724758B250042BE55 /* Base */,
			);
			name = LaunchScreen.storyboard;
			sourceTree = "<group>";
		};
/* End PBXVariantGroup section */

/* Begin XCBuildConfiguration section */
		8453B74524758B250042BE55 /* Debug */ = {
			isa = XCBuildConfiguration;
			buildSettings = {
				ALWAYS_SEARCH_USER_PATHS = NO;
				CLANG_ANALYZER_NONNULL = YES;
				CLANG_ANALYZER_NUMBER_OBJECT_CONVERSION = YES_AGGRESSIVE;
				CLANG_CXX_LANGUAGE_STANDARD = "gnu++14";
				CLANG_CXX_LIBRARY = "libc++";
				CLANG_ENABLE_MODULES = YES;
				CLANG_ENABLE_OBJC_ARC = YES;
				CLANG_ENABLE_OBJC_WEAK = YES;
				CLANG_WARN_BLOCK_CAPTURE_AUTORELEASING = YES;
				CLANG_WARN_BOOL_CONVERSION = YES;
				CLANG_WARN_COMMA = YES;
				CLANG_WARN_CONSTANT_CONVERSION = YES;
				CLANG_WARN_DEPRECATED_OBJC_IMPLEMENTATIONS = YES;
				CLANG_WARN_DIRECT_OBJC_ISA_USAGE = YES_ERROR;
				CLANG_WARN_DOCUMENTATION_COMMENTS = YES;
				CLANG_WARN_EMPTY_BODY = YES;
				CLANG_WARN_ENUM_CONVERSION = YES;
				CLANG_WARN_INFINITE_RECURSION = YES;
				CLANG_WARN_INT_CONVERSION = YES;
				CLANG_WARN_NON_LITERAL_NULL_CONVERSION = YES;
				CLANG_WARN_OBJC_IMPLICIT_RETAIN_SELF = YES;
				CLANG_WARN_OBJC_LITERAL_CONVERSION = YES;
				CLANG_WARN_OBJC_ROOT_CLASS = YES_ERROR;
				CLANG_WARN_RANGE_LOOP_ANALYSIS = YES;
				CLANG_WARN_STRICT_PROTOTYPES = YES;
				CLANG_WARN_SUSPICIOUS_MOVE = YES;
				CLANG_WARN_UNGUARDED_AVAILABILITY = YES_AGGRESSIVE;
				CLANG_WARN_UNREACHABLE_CODE = YES;
				CLANG_WARN__DUPLICATE_METHOD_MATCH = YES;
				COPY_PHASE_STRIP = NO;
				DEBUG_INFORMATION_FORMAT = dwarf;
				ENABLE_STRICT_OBJC_MSGSEND = YES;
				ENABLE_TESTABILITY = YES;
				GCC_C_LANGUAGE_STANDARD = gnu11;
				GCC_DYNAMIC_NO_PIC = NO;
				GCC_NO_COMMON_BLOCKS = YES;
				GCC_OPTIMIZATION_LEVEL = 0;
				GCC_PREPROCESSOR_DEFINITIONS = (
					"DEBUG=1",
					"$(inherited)",
				);
				GCC_WARN_64_TO_32_BIT_CONVERSION = YES;
				GCC_WARN_ABOUT_RETURN_TYPE = YES_ERROR;
				GCC_WARN_UNDECLARED_SELECTOR = YES;
				GCC_WARN_UNINITIALIZED_AUTOS = YES_AGGRESSIVE;
				GCC_WARN_UNUSED_FUNCTION = YES;
				GCC_WARN_UNUSED_VARIABLE = YES;
				IPHONEOS_DEPLOYMENT_TARGET = 13.4;
				MTL_ENABLE_DEBUG_INFO = INCLUDE_SOURCE;
				MTL_FAST_MATH = YES;
				ONLY_ACTIVE_ARCH = YES;
				SDKROOT = iphoneos;
				SWIFT_ACTIVE_COMPILATION_CONDITIONS = DEBUG;
				SWIFT_OPTIMIZATION_LEVEL = "-Onone";
			};
			name = Debug;
		};
		8453B74624758B250042BE55 /* Release */ = {
			isa = XCBuildConfiguration;
			buildSettings = {
				ALWAYS_SEARCH_USER_PATHS = NO;
				CLANG_ANALYZER_NONNULL = YES;
				CLANG_ANALYZER_NUMBER_OBJECT_CONVERSION = YES_AGGRESSIVE;
				CLANG_CXX_LANGUAGE_STANDARD = "gnu++14";
				CLANG_CXX_LIBRARY = "libc++";
				CLANG_ENABLE_MODULES = YES;
				CLANG_ENABLE_OBJC_ARC = YES;
				CLANG_ENABLE_OBJC_WEAK = YES;
				CLANG_WARN_BLOCK_CAPTURE_AUTORELEASING = YES;
				CLANG_WARN_BOOL_CONVERSION = YES;
				CLANG_WARN_COMMA = YES;
				CLANG_WARN_CONSTANT_CONVERSION = YES;
				CLANG_WARN_DEPRECATED_OBJC_IMPLEMENTATIONS = YES;
				CLANG_WARN_DIRECT_OBJC_ISA_USAGE = YES_ERROR;
				CLANG_WARN_DOCUMENTATION_COMMENTS = YES;
				CLANG_WARN_EMPTY_BODY = YES;
				CLANG_WARN_ENUM_CONVERSION = YES;
				CLANG_WARN_INFINITE_RECURSION = YES;
				CLANG_WARN_INT_CONVERSION = YES;
				CLANG_WARN_NON_LITERAL_NULL_CONVERSION = YES;
				CLANG_WARN_OBJC_IMPLICIT_RETAIN_SELF = YES;
				CLANG_WARN_OBJC_LITERAL_CONVERSION = YES;
				CLANG_WARN_OBJC_ROOT_CLASS = YES_ERROR;
				CLANG_WARN_RANGE_LOOP_ANALYSIS = YES;
				CLANG_WARN_STRICT_PROTOTYPES = YES;
				CLANG_WARN_SUSPICIOUS_MOVE = YES;
				CLANG_WARN_UNGUARDED_AVAILABILITY = YES_AGGRESSIVE;
				CLANG_WARN_UNREACHABLE_CODE = YES;
				CLANG_WARN__DUPLICATE_METHOD_MATCH = YES;
				COPY_PHASE_STRIP = NO;
				DEBUG_INFORMATION_FORMAT = "dwarf-with-dsym";
				ENABLE_NS_ASSERTIONS = NO;
				ENABLE_STRICT_OBJC_MSGSEND = YES;
				GCC_C_LANGUAGE_STANDARD = gnu11;
				GCC_NO_COMMON_BLOCKS = YES;
				GCC_WARN_64_TO_32_BIT_CONVERSION = YES;
				GCC_WARN_ABOUT_RETURN_TYPE = YES_ERROR;
				GCC_WARN_UNDECLARED_SELECTOR = YES;
				GCC_WARN_UNINITIALIZED_AUTOS = YES_AGGRESSIVE;
				GCC_WARN_UNUSED_FUNCTION = YES;
				GCC_WARN_UNUSED_VARIABLE = YES;
				IPHONEOS_DEPLOYMENT_TARGET = 13.4;
				MTL_ENABLE_DEBUG_INFO = NO;
				MTL_FAST_MATH = YES;
				SDKROOT = iphoneos;
				SWIFT_COMPILATION_MODE = wholemodule;
				SWIFT_OPTIMIZATION_LEVEL = "-O";
				VALIDATE_PRODUCT = YES;
			};
			name = Release;
		};
		8453B74824758B250042BE55 /* Debug */ = {
			isa = XCBuildConfiguration;
			buildSettings = {
				ASSETCATALOG_COMPILER_APPICON_NAME = AppIcon;
				CODE_SIGN_STYLE = Automatic;
				INFOPLIST_FILE = MoodAnalyzer/Info.plist;
				LD_RUNPATH_SEARCH_PATHS = (
					"$(inherited)",
					"@executable_path/Frameworks",
				);
				PRODUCT_BUNDLE_IDENTIFIER = com.bridgelabz.MoodAnalyzer;
				PRODUCT_NAME = "$(TARGET_NAME)";
				SWIFT_VERSION = 5.0;
				TARGETED_DEVICE_FAMILY = "1,2";
			};
			name = Debug;
		};
		8453B74924758B250042BE55 /* Release */ = {
			isa = XCBuildConfiguration;
			buildSettings = {
				ASSETCATALOG_COMPILER_APPICON_NAME = AppIcon;
				CODE_SIGN_STYLE = Automatic;
				INFOPLIST_FILE = MoodAnalyzer/Info.plist;
				LD_RUNPATH_SEARCH_PATHS = (
					"$(inherited)",
					"@executable_path/Frameworks",
				);
				PRODUCT_BUNDLE_IDENTIFIER = com.bridgelabz.MoodAnalyzer;
				PRODUCT_NAME = "$(TARGET_NAME)";
				SWIFT_VERSION = 5.0;
				TARGETED_DEVICE_FAMILY = "1,2";
			};
			name = Release;
		};
		8453B74B24758B250042BE55 /* Debug */ = {
			isa = XCBuildConfiguration;
			buildSettings = {
				ALWAYS_EMBED_SWIFT_STANDARD_LIBRARIES = YES;
				BUNDLE_LOADER = "$(TEST_HOST)";
				CODE_SIGN_STYLE = Automatic;
				INFOPLIST_FILE = MoodAnalyzerTests/Info.plist;
				IPHONEOS_DEPLOYMENT_TARGET = 13.4;
				LD_RUNPATH_SEARCH_PATHS = (
					"$(inherited)",
					"@executable_path/Frameworks",
					"@loader_path/Frameworks",
				);
				PRODUCT_BUNDLE_IDENTIFIER = com.bridgelabz.MoodAnalyzerTests;
				PRODUCT_NAME = "$(TARGET_NAME)";
				SWIFT_VERSION = 5.0;
				TARGETED_DEVICE_FAMILY = "1,2";
				TEST_HOST = "$(BUILT_PRODUCTS_DIR)/MoodAnalyzer.app/MoodAnalyzer";
			};
			name = Debug;
		};
		8453B74C24758B250042BE55 /* Release */ = {
			isa = XCBuildConfiguration;
			buildSettings = {
				ALWAYS_EMBED_SWIFT_STANDARD_LIBRARIES = YES;
				BUNDLE_LOADER = "$(TEST_HOST)";
				CODE_SIGN_STYLE = Automatic;
				INFOPLIST_FILE = MoodAnalyzerTests/Info.plist;
				IPHONEOS_DEPLOYMENT_TARGET = 13.4;
				LD_RUNPATH_SEARCH_PATHS = (
					"$(inherited)",
					"@executable_path/Frameworks",
					"@loader_path/Frameworks",
				);
				PRODUCT_BUNDLE_IDENTIFIER = com.bridgelabz.MoodAnalyzerTests;
				PRODUCT_NAME = "$(TARGET_NAME)";
				SWIFT_VERSION = 5.0;
				TARGETED_DEVICE_FAMILY = "1,2";
				TEST_HOST = "$(BUILT_PRODUCTS_DIR)/MoodAnalyzer.app/MoodAnalyzer";
			};
			name = Release;
		};
/* End XCBuildConfiguration section */

/* Begin XCConfigurationList section */
		8453B72324758B210042BE55 /* Build configuration list for PBXProject "MoodAnalyzer" */ = {
			isa = XCConfigurationList;
			buildConfigurations = (
				8453B74524758B250042BE55 /* Debug */,
				8453B74624758B250042BE55 /* Release */,
			);
			defaultConfigurationIsVisible = 0;
			defaultConfigurationName = Release;
		};
		8453B74724758B250042BE55 /* Build configuration list for PBXNativeTarget "MoodAnalyzer" */ = {
			isa = XCConfigurationList;
			buildConfigurations = (
				8453B74824758B250042BE55 /* Debug */,
				8453B74924758B250042BE55 /* Release */,
			);
			defaultConfigurationIsVisible = 0;
			defaultConfigurationName = Release;
		};
		8453B74A24758B250042BE55 /* Build configuration list for PBXNativeTarget "MoodAnalyzerTests" */ = {
			isa = XCConfigurationList;
			buildConfigurations = (
				8453B74B24758B250042BE55 /* Debug */,
				8453B74C24758B250042BE55 /* Release */,
			);
			defaultConfigurationIsVisible = 0;
			defaultConfigurationName = Release;
		};
/* End XCConfigurationList section */
	};
	rootObject = 8453B72024758B210042BE55 /* Project object */;
}
